{
  "name": "inexus",
  "version": "1.0.0",
  "lockfileVersion": 3,
  "requires": true,
  "packages": {
    "": {
      "name": "inexus",
      "version": "1.0.0",
      "license": "ISC",
      "dependencies": {
        "@google/generative-ai": "^0.10.0",
        "eventsource-parser": "^1.1.2",
        "gpt-3-encoder": "^1.1.4",
        "uuid": "^9.0.1"
      },
      "devDependencies": {
        "@types/uuid": "^9.0.8"
      }
    },
    "node_modules/@google/generative-ai": {
      "version": "0.10.0",
      "resolved": "https://registry.npmmirror.com/@google/generative-ai/-/generative-ai-0.10.0.tgz",
      "integrity": "sha512-fZJEL8DcDgvBCguLdaAdBBEoh+83LDXK3m9rVh5iksvwVJDgZqkpsLGKJuM5FEBKltWhbJ62WSyMEUGgy8eMUg==",
      "license": "Apache-2.0",
      "engines": {
        "node": ">=18.0.0"
      }
    },
    "node_modules/@types/uuid": {
      "version": "9.0.8",
      "resolved": "https://registry.npmmirror.com/@types/uuid/-/uuid-9.0.8.tgz",
      "integrity": "sha512-jg+97EGIcY9AGHJJRaaPVgetKDsrTgbRjQ5Msgjh/DQKEFl0DtyRr/VCOyD1T2R1MNeWPK/u7JoGhlDZnKBAfA==",
      "dev": true
    },
    "node_modules/eventsource-parser": {
      "version": "1.1.2",
      "resolved": "https://registry.npmmirror.com/eventsource-parser/-/eventsource-parser-1.1.2.tgz",
      "integrity": "sha512-v0eOBUbiaFojBu2s2NPBfYUoRR9GjcDNvCXVaqEf5vVfpIAh9f8RCo4vXTP8c63QRKCFwoLpMpTdPwwhEKVgzA==",
      "license": "MIT",
      "engines": {
        "node": ">=14.18"
      }
    },
    "node_modules/gpt-3-encoder": {
      "version": "1.1.4",
      "resolved": "https://registry.npmmirror.com/gpt-3-encoder/-/gpt-3-encoder-1.1.4.tgz",
      "integrity": "sha512-fSQRePV+HUAhCn7+7HL7lNIXNm6eaFWFbNLOOGtmSJ0qJycyQvj60OvRlH7mee8xAMjBDNRdMXlMwjAbMTDjkg==",
      "license": "MIT"
    },
    "node_modules/uuid": {
      "version": "9.0.1",
      "resolved": "https://registry.npmmirror.com/uuid/-/uuid-9.0.1.tgz",
      "integrity": "sha512-b+1eJOlsR9K8HJpow9Ok3fiWOWSIcIzXodvv0rQjVoOVNpWMpxf1wZNpt4y9h10odCNrqnYp1OBzRktckBe3sA==",
      "funding": [
        "https://github.com/sponsors/broofa",
        "https://github.com/sponsors/ctavan"
      ],
      "license": "MIT",
      "bin": {
        "uuid": "dist/bin/uuid"
      }
    }
  }
}
